
Microsoft Visual Studio Solution File, Format Version 12.00
# Visual Studio Version 17
VisualStudioVersion = 17.9.34622.214
MinimumVisualStudioVersion = 10.0.40219.1
Project("{9A19103F-16F7-4668-BE54-9A1E7A4F7556}") = "Hubtel.UserWallet.Api", "Hubtel.UserWallet.Api\Hubtel.UserWallet.Api.csproj", "{B9C30143-28DA-4835-AC4C-18F4E0C8108E}"
EndProject
Project("{9A19103F-16F7-4668-BE54-9A1E7A4F7556}") = "Hubtel.UserWallet.Tests", "Hubtel.UserWallet.Tests\Hubtel.UserWallet.Tests.csproj", "{9687131E-8B53-44A0-859F-4EE11663DF45}"
EndProject
Global
	GlobalSection(SolutionConfigurationPlatforms) = preSolution
		Debug|Any CPU = Debug|Any CPU
		Release|Any CPU = Release|Any CPU
	EndGlobalSection
	GlobalSection(ProjectConfigurationPlatforms) = postSolution
		{B9C30143-28DA-4835-AC4C-18F4E0C8108E}.Debug|Any CPU.ActiveCfg = Debug|Any CPU
		{B9C30143-28DA-4835-AC4C-18F4E0C8108E}.Debug|Any CPU.Build.0 = Debug|Any CPU
		{B9C30143-28DA-4835-AC4C-18F4E0C8108E}.Release|Any CPU.ActiveCfg = Release|Any CPU
		{B9C30143-28DA-4835-AC4C-18F4E0C8108E}.Release|Any CPU.Build.0 = Release|Any CPU
		{9687131E-8B53-44A0-859F-4EE11663DF45}.Debug|Any CPU.ActiveCfg = Debug|Any CPU
		{9687131E-8B53-44A0-859F-4EE11663DF45}.Debug|Any CPU.Build.0 = Debug|Any CPU
		{9687131E-8B53-44A0-859F-4EE11663DF45}.Release|Any CPU.ActiveCfg = Release|Any CPU
		{9687131E-8B53-44A0-859F-4EE11663DF45}.Release|Any CPU.Build.0 = Release|Any CPU
	EndGlobalSection
	GlobalSection(SolutionProperties) = preSolution
		HideSolutionNode = FALSE
	EndGlobalSection
	GlobalSection(ExtensibilityGlobals) = postSolution
		SolutionGuid = {C805BD87-A7F8-42AC-BEDF-C110DC16A894}
	EndGlobalSection
EndGlobal
